// !$*UTF8*$!
{
	archiveVersion = 1;
	classes = {
	};
	objectVersion = 50;
	objects = {

/* Begin PBXBuildFile section */
		1B0BAAFE2142604F00B848B6 /* AppDelegate.swift in Sources */ = {isa = PBXBuildFile; fileRef = 1B0BAAFD2142604F00B848B6 /* AppDelegate.swift */; };
		1B0BAB002142604F00B848B6 /* ViewController.swift in Sources */ = {isa = PBXBuildFile; fileRef = 1B0BAAFF2142604F00B848B6 /* ViewController.swift */; };
		1B0BAB032142604F00B848B6 /* Main.storyboard in Resources */ = {isa = PBXBuildFile; fileRef = 1B0BAB012142604F00B848B6 /* Main.storyboard */; };
		1B0BAB052142605200B848B6 /* Assets.xcassets in Resources */ = {isa = PBXBuildFile; fileRef = 1B0BAB042142605200B848B6 /* Assets.xcassets */; };
		1B0BAB082142605200B848B6 /* LaunchScreen.storyboard in Resources */ = {isa = PBXBuildFile; fileRef = 1B0BAB062142605200B848B6 /* LaunchScreen.storyboard */; };
		1B0BAB132142605200B848B6 /* FlixTests.swift in Sources */ = {isa = PBXBuildFile; fileRef = 1B0BAB122142605200B848B6 /* FlixTests.swift */; };
		1B0BAB1E2142605200B848B6 /* FlixUITests.swift in Sources */ = {isa = PBXBuildFile; fileRef = 1B0BAB1D2142605200B848B6 /* FlixUITests.swift */; };
/* End PBXBuildFile section */

/* Begin PBXContainerItemProxy section */
		1B0BAB0F2142605200B848B6 /* PBXContainerItemProxy */ = {
			isa = PBXContainerItemProxy;
			containerPortal = 1B0BAAF22142604F00B848B6 /* Project object */;
			proxyType = 1;
			remoteGlobalIDString = 1B0BAAF92142604F00B848B6;
			remoteInfo = Flix;
		};
		1B0BAB1A2142605200B848B6 /* PBXContainerItemProxy */ = {
			isa = PBXContainerItemProxy;
			containerPortal = 1B0BAAF22142604F00B848B6 /* Project object */;
			proxyType = 1;
			remoteGlobalIDString = 1B0BAAF92142604F00B848B6;
			remoteInfo = Flix;
		};
/* End PBXContainerItemProxy section */

/* Begin PBXFileReference section */
		1B0BAAFA2142604F00B848B6 /* Flix.app */ = {isa = PBXFileReference; explicitFileType = wrapper.application; includeInIndex = 0; path = Flix.app; sourceTree = BUILT_PRODUCTS_DIR; };
		1B0BAAFD2142604F00B848B6 /* AppDelegate.swift */ = {isa = PBXFileReference; lastKnownFileType = sourcecode.swift; path = AppDelegate.swift; sourceTree = "<group>"; };
		1B0BAAFF2142604F00B848B6 /* ViewController.swift */ = {isa = PBXFileReference; lastKnownFileType = sourcecode.swift; path = ViewController.swift; sourceTree = "<group>"; };
		1B0BAB022142604F00B848B6 /* Base */ = {isa = PBXFileReference; lastKnownFileType = file.storyboard; name = Base; path = Base.lproj/Main.storyboard; sourceTree = "<group>"; };
		1B0BAB042142605200B848B6 /* Assets.xcassets */ = {isa = PBXFileReference; lastKnownFileType = folder.assetcatalog; path = Assets.xcassets; sourceTree = "<group>"; };
		1B0BAB072142605200B848B6 /* Base */ = {isa = PBXFileReference; lastKnownFileType = file.storyboard; name = Base; path = Base.lproj/LaunchScreen.storyboard; sourceTree = "<group>"; };
		1B0BAB092142605200B848B6 /* Info.plist */ = {isa = PBXFileReference; lastKnownFileType = text.plist.xml; path = Info.plist; sourceTree = "<group>"; };
		1B0BAB0E2142605200B848B6 /* FlixTests.xctest */ = {isa = PBXFileReference; explicitFileType = wrapper.cfbundle; includeInIndex = 0; path = FlixTests.xctest; sourceTree = BUILT_PRODUCTS_DIR; };
		1B0BAB122142605200B848B6 /* FlixTests.swift */ = {isa = PBXFileReference; lastKnownFileType = sourcecode.swift; path = FlixTests.swift; sourceTree = "<group>"; };
		1B0BAB142142605200B848B6 /* Info.plist */ = {isa = PBXFileReference; lastKnownFileType = text.plist.xml; path = Info.plist; sourceTree = "<group>"; };
		1B0BAB192142605200B848B6 /* FlixUITests.xctest */ = {isa = PBXFileReference; explicitFileType = wrapper.cfbundle; includeInIndex = 0; path = FlixUITests.xctest; sourceTree = BUILT_PRODUCTS_DIR; };
		1B0BAB1D2142605200B848B6 /* FlixUITests.swift */ = {isa = PBXFileReference; lastKnownFileType = sourcecode.swift; path = FlixUITests.swift; sourceTree = "<group>"; };
		1B0BAB1F2142605200B848B6 /* Info.plist */ = {isa = PBXFileReference; lastKnownFileType = text.plist.xml; path = Info.plist; sourceTree = "<group>"; };
/* End PBXFileReference section */

/* Begin PBXFrameworksBuildPhase section */
		1B0BAAF72142604F00B848B6 /* Frameworks */ = {
			isa = PBXFrameworksBuildPhase;
			buildActionMask = 2147483647;
			files = (
			);
			runOnlyForDeploymentPostprocessing = 0;
		};
		1B0BAB0B2142605200B848B6 /* Frameworks */ = {
			isa = PBXFrameworksBuildPhase;
			buildActionMask = 2147483647;
			files = (
			);
			runOnlyForDeploymentPostprocessing = 0;
		};
		1B0BAB162142605200B848B6 /* Frameworks */ = {
			isa = PBXFrameworksBuildPhase;
			buildActionMask = 2147483647;
			files = (
			);
			runOnlyForDeploymentPostprocessing = 0;
		};
/* End PBXFrameworksBuildPhase section */

/* Begin PBXGroup section */
		1B0BAAF12142604F00B848B6 = {
			isa = PBXGroup;
			children = (
				1B0BAAFC2142604F00B848B6 /* Flix */,
				1B0BAB112142605200B848B6 /* FlixTests */,
				1B0BAB1C2142605200B848B6 /* FlixUITests */,
				1B0BAAFB2142604F00B848B6 /* Products */,
			);
			sourceTree = "<group>";
		};
		1B0BAAFB2142604F00B848B6 /* Products */ = {
			isa = PBXGroup;
			children = (
				1B0BAAFA2142604F00B848B6 /* Flix.app */,
				1B0BAB0E2142605200B848B6 /* FlixTests.xctest */,
				1B0BAB192142605200B848B6 /* FlixUITests.xctest */,
			);
			name = Products;
			sourceTree = "<group>";
		};
		1B0BAAFC2142604F00B848B6 /* Flix */ = {
			isa = PBXGroup;
			children = (
				1B0BAAFD2142604F00B848B6 /* AppDelegate.swift */,
				1B0BAAFF2142604F00B848B6 /* ViewController.swift */,
				1B0BAB012142604F00B848B6 /* Main.storyboard */,
				1B0BAB042142605200B848B6 /* Assets.xcassets */,
				1B0BAB062142605200B848B6 /* LaunchScreen.storyboard */,
				1B0BAB092142605200B848B6 /* Info.plist */,
			);
			path = Flix;
			sourceTree = "<group>";
		};
		1B0BAB112142605200B848B6 /* FlixTests */ = {
			isa = PBXGroup;
			children = (
				1B0BAB122142605200B848B6 /* FlixTests.swift */,
				1B0BAB142142605200B848B6 /* Info.plist */,
			);
			path = FlixTests;
			sourceTree = "<group>";
		};
		1B0BAB1C2142605200B848B6 /* FlixUITests */ = {
			isa = PBXGroup;
			children = (
				1B0BAB1D2142605200B848B6 /* FlixUITests.swift */,
				1B0BAB1F2142605200B848B6 /* Info.plist */,
			);
			path = FlixUITests;
			sourceTree = "<group>";
		};
/* End PBXGroup section */

/* Begin PBXNativeTarget section */
		1B0BAAF92142604F00B848B6 /* Flix */ = {
			isa = PBXNativeTarget;
			buildConfigurationList = 1B0BAB222142605200B848B6 /* Build configuration list for PBXNativeTarget "Flix" */;
			buildPhases = (
				1B0BAAF62142604F00B848B6 /* Sources */,
				1B0BAAF72142604F00B848B6 /* Frameworks */,
				1B0BAAF82142604F00B848B6 /* Resources */,
			);
			buildRules = (
			);
			dependencies = (
			);
			name = Flix;
			productName = Flix;
			productReference = 1B0BAAFA2142604F00B848B6 /* Flix.app */;
			productType = "com.apple.product-type.application";
		};
		1B0BAB0D2142605200B848B6 /* FlixTests */ = {
			isa = PBXNativeTarget;
			buildConfigurationList = 1B0BAB252142605200B848B6 /* Build configuration list for PBXNativeTarget "FlixTests" */;
			buildPhases = (
				1B0BAB0A2142605200B848B6 /* Sources */,
				1B0BAB0B2142605200B848B6 /* Frameworks */,
				1B0BAB0C2142605200B848B6 /* Resources */,
			);
			buildRules = (
			);
			dependencies = (
				1B0BAB102142605200B848B6 /* PBXTargetDependency */,
			);
			name = FlixTests;
			productName = FlixTests;
			productReference = 1B0BAB0E2142605200B848B6 /* FlixTests.xctest */;
			productType = "com.apple.product-type.bundle.unit-test";
		};
		1B0BAB182142605200B848B6 /* FlixUITests */ = {
			isa = PBXNativeTarget;
			buildConfigurationList = 1B0BAB282142605200B848B6 /* Build configuration list for PBXNativeTarget "FlixUITests" */;
			buildPhases = (
				1B0BAB152142605200B848B6 /* Sources */,
				1B0BAB162142605200B848B6 /* Frameworks */,
				1B0BAB172142605200B848B6 /* Resources */,
			);
			buildRules = (
			);
			dependencies = (
				1B0BAB1B2142605200B848B6 /* PBXTargetDependency */,
			);
			name = FlixUITests;
			productName = FlixUITests;
			productReference = 1B0BAB192142605200B848B6 /* FlixUITests.xctest */;
			productType = "com.apple.product-type.bundle.ui-testing";
		};
/* End PBXNativeTarget section */

/* Begin PBXProject section */
		1B0BAAF22142604F00B848B6 /* Project object */ = {
			isa = PBXProject;
			attributes = {
				LastSwiftUpdateCheck = 0940;
				LastUpgradeCheck = 0940;
				ORGANIZATIONNAME = Nitie;
				TargetAttributes = {
					1B0BAAF92142604F00B848B6 = {
						CreatedOnToolsVersion = 9.4.1;
					};
					1B0BAB0D2142605200B848B6 = {
						CreatedOnToolsVersion = 9.4.1;
						TestTargetID = 1B0BAAF92142604F00B848B6;
					};
					1B0BAB182142605200B848B6 = {
						CreatedOnToolsVersion = 9.4.1;
						TestTargetID = 1B0BAAF92142604F00B848B6;
					};
				};
			};
			buildConfigurationList = 1B0BAAF52142604F00B848B6 /* Build configuration list for PBXProject "Flix" */;
			compatibilityVersion = "Xcode 9.3";
			developmentRegion = en;
			hasScannedForEncodings = 0;
			knownRegions = (
				en,
				Base,
			);
			mainGroup = 1B0BAAF12142604F00B848B6;
			productRefGroup = 1B0BAAFB2142604F00B848B6 /* Products */;
			projectDirPath = "";
			projectRoot = "";
			targets = (
				1B0BAAF92142604F00B848B6 /* Flix */,
				1B0BAB0D2142605200B848B6 /* FlixTests */,
				1B0BAB182142605200B848B6 /* FlixUITests */,
			);
		};
/* End PBXProject section */

/* Begin PBXResourcesBuildPhase section */
		1B0BAAF82142604F00B848B6 /* Resources */ = {
			isa = PBXResourcesBuildPhase;
			buildActionMask = 2147483647;
			files = (
				1B0BAB082142605200B848B6 /* LaunchScreen.storyboard in Resources */,
				1B0BAB052142605200B848B6 /* Assets.xcassets in Resources */,
				1B0BAB032142604F00B848B6 /* Main.storyboard in Resources */,
			);
			runOnlyForDeploymentPostprocessing = 0;
		};
		1B0BAB0C2142605200B848B6 /* Resources */ = {
			isa = PBXResourcesBuildPhase;
			buildActionMask = 2147483647;
			files = (
			);
			runOnlyForDeploymentPostprocessing = 0;
		};
		1B0BAB172142605200B848B6 /* Resources */ = {
			isa = PBXResourcesBuildPhase;
			buildActionMask = 2147483647;
			files = (
			);
			runOnlyForDeploymentPostprocessing = 0;
		};
/* End PBXResourcesBuildPhase section */

/* Begin PBXSourcesBuildPhase section */
		1B0BAAF62142604F00B848B6 /* Sources */ = {
			isa = PBXSourcesBuildPhase;
			buildActionMask = 2147483647;
			files = (
				1B0BAB002142604F00B848B6 /* ViewController.swift in Sources */,
				1B0BAAFE2142604F00B848B6 /* AppDelegate.swift in Sources */,
			);
			runOnlyForDeploymentPostprocessing = 0;
		};
		1B0BAB0A2142605200B848B6 /* Sources */ = {
			isa = PBXSourcesBuildPhase;
			buildActionMask = 2147483647;
			files = (
				1B0BAB132142605200B848B6 /* FlixTests.swift in Sources */,
			);
			runOnlyForDeploymentPostprocessing = 0;
		};
		1B0BAB152142605200B848B6 /* Sources */ = {
			isa = PBXSourcesBuildPhase;
			buildActionMask = 2147483647;
			files = (
				1B0BAB1E2142605200B848B6 /* FlixUITests.swift in Sources */,
			);
			runOnlyForDeploymentPostprocessing = 0;
		};
/* End PBXSourcesBuildPhase section */

/* Begin PBXTargetDependency section */
		1B0BAB102142605200B848B6 /* PBXTargetDependency */ = {
			isa = PBXTargetDependency;
			target = 1B0BAAF92142604F00B848B6 /* Flix */;
			targetProxy = 1B0BAB0F2142605200B848B6 /* PBXContainerItemProxy */;
		};
		1B0BAB1B2142605200B848B6 /* PBXTargetDependency */ = {
			isa = PBXTargetDependency;
			target = 1B0BAAF92142604F00B848B6 /* Flix */;
			targetProxy = 1B0BAB1A2142605200B848B6 /* PBXContainerItemProxy */;
		};
/* End PBXTargetDependency section */

/* Begin PBXVariantGroup section */
		1B0BAB012142604F00B848B6 /* Main.storyboard */ = {
			isa = PBXVariantGroup;
			children = (
				1B0BAB022142604F00B848B6 /* Base */,
			);
			name = Main.storyboard;
			sourceTree = "<group>";
		};
		1B0BAB062142605200B848B6 /* LaunchScreen.storyboard */ = {
			isa = PBXVariantGroup;
			children = (
				1B0BAB072142605200B848B6 /* Base */,
			);
			name = LaunchScreen.storyboard;
			sourceTree = "<group>";
		};
/* End PBXVariantGroup section */

/* Begin XCBuildConfiguration section */
		1B0BAB202142605200B848B6 /* Debug */ = {
			isa = XCBuildConfiguration;
			buildSettings = {
				ALWAYS_SEARCH_USER_PATHS = NO;
				CLANG_ANALYZER_NONNULL = YES;
				CLANG_ANALYZER_NUMBER_OBJECT_CONVERSION = YES_AGGRESSIVE;
				CLANG_CXX_LANGUAGE_STANDARD = "gnu++14";
				CLANG_CXX_LIBRARY = "libc++";
				CLANG_ENABLE_MODULES = YES;
				CLANG_ENABLE_OBJC_ARC = YES;
				CLANG_ENABLE_OBJC_WEAK = YES;
				CLANG_WARN_BLOCK_CAPTURE_AUTORELEASING = YES;
				CLANG_WARN_BOOL_CONVERSION = YES;
				CLANG_WARN_COMMA = YES;
				CLANG_WARN_CONSTANT_CONVERSION = YES;
				CLANG_WARN_DEPRECATED_OBJC_IMPLEMENTATIONS = YES;
				CLANG_WARN_DIRECT_OBJC_ISA_USAGE = YES_ERROR;
				CLANG_WARN_DOCUMENTATION_COMMENTS = YES;
				CLANG_WARN_EMPTY_BODY = YES;
				CLANG_WARN_ENUM_CONVERSION = YES;
				CLANG_WARN_INFINITE_RECURSION = YES;
				CLANG_WARN_INT_CONVERSION = YES;
				CLANG_WARN_NON_LITERAL_NULL_CONVERSION = YES;
				CLANG_WARN_OBJC_IMPLICIT_RETAIN_SELF = YES;
				CLANG_WARN_OBJC_LITERAL_CONVERSION = YES;
				CLANG_WARN_OBJC_ROOT_CLASS = YES_ERROR;
				CLANG_WARN_RANGE_LOOP_ANALYSIS = YES;
				CLANG_WARN_STRICT_PROTOTYPES = YES;
				CLANG_WARN_SUSPICIOUS_MOVE = YES;
				CLANG_WARN_UNGUARDED_AVAILABILITY = YES_AGGRESSIVE;
				CLANG_WARN_UNREACHABLE_CODE = YES;
				CLANG_WARN__DUPLICATE_METHOD_MATCH = YES;
				CODE_SIGN_IDENTITY = "iPhone Developer";
				COPY_PHASE_STRIP = NO;
				DEBUG_INFORMATION_FORMAT = dwarf;
				ENABLE_STRICT_OBJC_MSGSEND = YES;
				ENABLE_TESTABILITY = YES;
				GCC_C_LANGUAGE_STANDARD = gnu11;
				GCC_DYNAMIC_NO_PIC = NO;
				GCC_NO_COMMON_BLOCKS = YES;
				GCC_OPTIMIZATION_LEVEL = 0;
				GCC_PREPROCESSOR_DEFINITIONS = (
					"DEBUG=1",
					"$(inherited)",
				);
				GCC_WARN_64_TO_32_BIT_CONVERSION = YES;
				GCC_WARN_ABOUT_RETURN_TYPE = YES_ERROR;
				GCC_WARN_UNDECLARED_SELECTOR = YES;
				GCC_WARN_UNINITIALIZED_AUTOS = YES_AGGRESSIVE;
				GCC_WARN_UNUSED_FUNCTION = YES;
				GCC_WARN_UNUSED_VARIABLE = YES;
				IPHONEOS_DEPLOYMENT_TARGET = 11.4;
				MTL_ENABLE_DEBUG_INFO = YES;
				ONLY_ACTIVE_ARCH = YES;
				SDKROOT = iphoneos;
				SWIFT_ACTIVE_COMPILATION_CONDITIONS = DEBUG;
				SWIFT_OPTIMIZATION_LEVEL = "-Onone";
			};
			name = Debug;
		};
		1B0BAB212142605200B848B6 /* Release */ = {
			isa = XCBuildConfiguration;
			buildSettings = {
				ALWAYS_SEARCH_USER_PATHS = NO;
				CLANG_ANALYZER_NONNULL = YES;
				CLANG_ANALYZER_NUMBER_OBJECT_CONVERSION = YES_AGGRESSIVE;
				CLANG_CXX_LANGUAGE_STANDARD = "gnu++14";
				CLANG_CXX_LIBRARY = "libc++";
				CLANG_ENABLE_MODULES = YES;
				CLANG_ENABLE_OBJC_ARC = YES;
				CLANG_ENABLE_OBJC_WEAK = YES;
				CLANG_WARN_BLOCK_CAPTURE_AUTORELEASING = YES;
				CLANG_WARN_BOOL_CONVERSION = YES;
				CLANG_WARN_COMMA = YES;
				CLANG_WARN_CONSTANT_CONVERSION = YES;
				CLANG_WARN_DEPRECATED_OBJC_IMPLEMENTATIONS = YES;
				CLANG_WARN_DIRECT_OBJC_ISA_USAGE = YES_ERROR;
				CLANG_WARN_DOCUMENTATION_COMMENTS = YES;
				CLANG_WARN_EMPTY_BODY = YES;
				CLANG_WARN_ENUM_CONVERSION = YES;
				CLANG_WARN_INFINITE_RECURSION = YES;
				CLANG_WARN_INT_CONVERSION = YES;
				CLANG_WARN_NON_LITERAL_NULL_CONVERSION = YES;
				CLANG_WARN_OBJC_IMPLICIT_RETAIN_SELF = YES;
				CLANG_WARN_OBJC_LITERAL_CONVERSION = YES;
				CLANG_WARN_OBJC_ROOT_CLASS = YES_ERROR;
				CLANG_WARN_RANGE_LOOP_ANALYSIS = YES;
				CLANG_WARN_STRICT_PROTOTYPES = YES;
				CLANG_WARN_SUSPICIOUS_MOVE = YES;
				CLANG_WARN_UNGUARDED_AVAILABILITY = YES_AGGRESSIVE;
				CLANG_WARN_UNREACHABLE_CODE = YES;
				CLANG_WARN__DUPLICATE_METHOD_MATCH = YES;
				CODE_SIGN_IDENTITY = "iPhone Developer";
				COPY_PHASE_STRIP = NO;
				DEBUG_INFORMATION_FORMAT = "dwarf-with-dsym";
				ENABLE_NS_ASSERTIONS = NO;
				ENABLE_STRICT_OBJC_MSGSEND = YES;
				GCC_C_LANGUAGE_STANDARD = gnu11;
				GCC_NO_COMMON_BLOCKS = YES;
				GCC_WARN_64_TO_32_BIT_CONVERSION = YES;
				GCC_WARN_ABOUT_RETURN_TYPE = YES_ERROR;
				GCC_WARN_UNDECLARED_SELECTOR = YES;
				GCC_WARN_UNINITIALIZED_AUTOS = YES_AGGRESSIVE;
				GCC_WARN_UNUSED_FUNCTION = YES;
				GCC_WARN_UNUSED_VARIABLE = YES;
				IPHONEOS_DEPLOYMENT_TARGET = 11.4;
				MTL_ENABLE_DEBUG_INFO = NO;
				SDKROOT = iphoneos;
				SWIFT_COMPILATION_MODE = wholemodule;
				SWIFT_OPTIMIZATION_LEVEL = "-O";
				VALIDATE_PRODUCT = YES;
			};
			name = Release;
		};
		1B0BAB232142605200B848B6 /* Debug */ = {
			isa = XCBuildConfiguration;
			buildSettings = {
				ASSETCATALOG_COMPILER_APPICON_NAME = AppIcon;
				CODE_SIGN_STYLE = Automatic;
				INFOPLIST_FILE = Flix/Info.plist;
				LD_RUNPATH_SEARCH_PATHS = (
					"$(inherited)",
					"@executable_path/Frameworks",
				);
				PRODUCT_BUNDLE_IDENTIFIER = lavie.Flix;
				PRODUCT_NAME = "$(TARGET_NAME)";
				SWIFT_VERSION = 4.0;
				TARGETED_DEVICE_FAMILY = "1,2";
			};
			name = Debug;
		};
		1B0BAB242142605200B848B6 /* Release */ = {
			isa = XCBuildConfiguration;
			buildSettings = {
				ASSETCATALOG_COMPILER_APPICON_NAME = AppIcon;
				CODE_SIGN_STYLE = Automatic;
				INFOPLIST_FILE = Flix/Info.plist;
				LD_RUNPATH_SEARCH_PATHS = (
					"$(inherited)",
					"@executable_path/Frameworks",
				);
				PRODUCT_BUNDLE_IDENTIFIER = lavie.Flix;
				PRODUCT_NAME = "$(TARGET_NAME)";
				SWIFT_VERSION = 4.0;
				TARGETED_DEVICE_FAMILY = "1,2";
			};
			name = Release;
		};
		1B0BAB262142605200B848B6 /* Debug */ = {
			isa = XCBuildConfiguration;
			buildSettings = {
				ALWAYS_EMBED_SWIFT_STANDARD_LIBRARIES = YES;
				BUNDLE_LOADER = "$(TEST_HOST)";
				CODE_SIGN_STYLE = Automatic;
				INFOPLIST_FILE = FlixTests/Info.plist;
				LD_RUNPATH_SEARCH_PATHS = (
					"$(inherited)",
					"@executable_path/Frameworks",
					"@loader_path/Frameworks",
				);
				PRODUCT_BUNDLE_IDENTIFIER = lavie.FlixTests;
				PRODUCT_NAME = "$(TARGET_NAME)";
				SWIFT_VERSION = 4.0;
				TARGETED_DEVICE_FAMILY = "1,2";
				TEST_HOST = "$(BUILT_PRODUCTS_DIR)/Flix.app/Flix";
			};
			name = Debug;
		};
		1B0BAB272142605200B848B6 /* Release */ = {
			isa = XCBuildConfiguration;
			buildSettings = {
				ALWAYS_EMBED_SWIFT_STANDARD_LIBRARIES = YES;
				BUNDLE_LOADER = "$(TEST_HOST)";
				CODE_SIGN_STYLE = Automatic;
				INFOPLIST_FILE = FlixTests/Info.plist;
				LD_RUNPATH_SEARCH_PATHS = (
					"$(inherited)",
					"@executable_path/Frameworks",
					"@loader_path/Frameworks",
				);
				PRODUCT_BUNDLE_IDENTIFIER = lavie.FlixTests;
				PRODUCT_NAME = "$(TARGET_NAME)";
				SWIFT_VERSION = 4.0;
				TARGETED_DEVICE_FAMILY = "1,2";
				TEST_HOST = "$(BUILT_PRODUCTS_DIR)/Flix.app/Flix";
			};
			name = Release;
		};
		1B0BAB292142605200B848B6 /* Debug */ = {
			isa = XCBuildConfiguration;
			buildSettings = {
				ALWAYS_EMBED_SWIFT_STANDARD_LIBRARIES = YES;
				CODE_SIGN_STYLE = Automatic;
				INFOPLIST_FILE = FlixUITests/Info.plist;
				LD_RUNPATH_SEARCH_PATHS = (
					"$(inherited)",
					"@executable_path/Frameworks",
					"@loader_path/Frameworks",
				);
				PRODUCT_BUNDLE_IDENTIFIER = lavie.FlixUITests;
				PRODUCT_NAME = "$(TARGET_NAME)";
				SWIFT_VERSION = 4.0;
				TARGETED_DEVICE_FAMILY = "1,2";
				TEST_TARGET_NAME = Flix;
			};
			name = Debug;
		};
		1B0BAB2A2142605200B848B6 /* Release */ = {
			isa = XCBuildConfiguration;
			buildSettings = {
				ALWAYS_EMBED_SWIFT_STANDARD_LIBRARIES = YES;
				CODE_SIGN_STYLE = Automatic;
				INFOPLIST_FILE = FlixUITests/Info.plist;
				LD_RUNPATH_SEARCH_PATHS = (
					"$(inherited)",
					"@executable_path/Frameworks",
					"@loader_path/Frameworks",
				);
				PRODUCT_BUNDLE_IDENTIFIER = lavie.FlixUITests;
				PRODUCT_NAME = "$(TARGET_NAME)";
				SWIFT_VERSION = 4.0;
				TARGETED_DEVICE_FAMILY = "1,2";
				TEST_TARGET_NAME = Flix;
			};
			name = Release;
		};
/* End XCBuildConfiguration section */

/* Begin XCConfigurationList section */
		1B0BAAF52142604F00B848B6 /* Build configuration list for PBXProject "Flix" */ = {
			isa = XCConfigurationList;
			buildConfigurations = (
				1B0BAB202142605200B848B6 /* Debug */,
				1B0BAB212142605200B848B6 /* Release */,
			);
			defaultConfigurationIsVisible = 0;
			defaultConfigurationName = Release;
		};
		1B0BAB222142605200B848B6 /* Build configuration list for PBXNativeTarget "Flix" */ = {
			isa = XCConfigurationList;
			buildConfigurations = (
				1B0BAB232142605200B848B6 /* Debug */,
				1B0BAB242142605200B848B6 /* Release */,
			);
			defaultConfigurationIsVisible = 0;
			defaultConfigurationName = Release;
		};
		1B0BAB252142605200B848B6 /* Build configuration list for PBXNativeTarget "FlixTests" */ = {
			isa = XCConfigurationList;
			buildConfigurations = (
				1B0BAB262142605200B848B6 /* Debug */,
				1B0BAB272142605200B848B6 /* Release */,
			);
			defaultConfigurationIsVisible = 0;
			defaultConfigurationName = Release;
		};
		1B0BAB282142605200B848B6 /* Build configuration list for PBXNativeTarget "FlixUITests" */ = {
			isa = XCConfigurationList;
			buildConfigurations = (
				1B0BAB292142605200B848B6 /* Debug */,
				1B0BAB2A2142605200B848B6 /* Release */,
			);
			defaultConfigurationIsVisible = 0;
			defaultConfigurationName = Release;
		};
/* End XCConfigurationList section */
	};
	rootObject = 1B0BAAF22142604F00B848B6 /* Project object */;
}
